
Microsoft Visual Studio Solution File, Format Version 12.00
# Visual Studio Version 16
VisualStudioVersion = 16.0.30310.162
MinimumVisualStudioVersion = 10.0.40219.1
Project("{9A19103F-16F7-4668-BE54-9A1E7A4F7556}") = "XLocalizer.DB.UI", "XLocalizer.DB.UI\XLocalizer.DB.UI.csproj", "{1D49CF0C-B84C-4ABE-B8DD-D84310467279}"
EndProject
Global
	GlobalSection(SolutionConfigurationPlatforms) = preSolution
		Debug|Any CPU = Debug|Any CPU
		Release|Any CPU = Release|Any CPU
	EndGlobalSection
	GlobalSection(ProjectConfigurationPlatforms) = postSolution
		{1D49CF0C-B84C-4ABE-B8DD-D84310467279}.Debug|Any CPU.ActiveCfg = Debug|Any CPU
		{1D49CF0C-B84C-4ABE-B8DD-D84310467279}.Debug|Any CPU.Build.0 = Debug|Any CPU
		{1D49CF0C-B84C-4ABE-B8DD-D84310467279}.Release|Any CPU.ActiveCfg = Release|Any CPU
		{1D49CF0C-B84C-4ABE-B8DD-D84310467279}.Release|Any CPU.Build.0 = Release|Any CPU
	EndGlobalSection
	GlobalSection(SolutionProperties) = preSolution
		HideSolutionNode = FALSE
	EndGlobalSection
	GlobalSection(ExtensibilityGlobals) = postSolution
		SolutionGuid = {14D68106-3677-4DB2-8A17-A1D82358D6D9}
	EndGlobalSection
EndGlobal
